{
	"name": "godot-files",
	"version": "0.0.7",
	"lockfileVersion": 3,
	"requires": true,
	"packages": {
		"": {
			"name": "godot-files",
			"version": "0.0.7",
			"license": "Unlicense",
			"devDependencies": {
				"@types/vscode": "^1.84.1",
				"typescript": "^5.3.2"
			},
			"engines": {
				"vscode": "^1.84.1"
			}
		},
		"node_modules/@types/vscode": {
			"version": "1.84.1",
			"resolved": "https://registry.npmjs.org/@types/vscode/-/vscode-1.84.1.tgz",
			"integrity": "sha512-DB10vBRLEPA/us7p3gQilU2Tq5HDu6JWTyCpD9qtb7MKWIvJS5In9HU3YgVGCXf/miwHJiY62aXwjtUSMpT8HA==",
			"dev": true
		},
		"node_modules/typescript": {
			"version": "5.3.2",
			"resolved": "https://registry.npmjs.org/typescript/-/typescript-5.3.2.tgz",
			"integrity": "sha512-6l+RyNy7oAHDfxC4FzSJcz9vnjTKxrLpDG5M2Vu4SHRVNg6xzqZp6LYSR9zjqQTu8DU/f5xwxUdADOkbrIX2gQ==",
			"dev": true,
			"bin": {
				"tsc": "bin/tsc",
				"tsserver": "bin/tsserver"
			},
			"engines": {
				"node": ">=14.17"
			}
		}
	}
}
