{
	"name": "godot-files",
	"version": "0.0.3",
	"lockfileVersion": 2,
	"requires": true,
	"packages": {
		"": {
			"name": "godot-files",
			"version": "0.0.3",
			"license": "Unlicense",
			"devDependencies": {
				"@types/node": "file:dev/lib/@types/node",
				"@types/vscode": "^1.76.0",
				"typescript": "^5.0.3"
			},
			"engines": {
				"vscode": "^1.76.0"
			}
		},
		"dev/lib/@types/node": {
			"version": "0.0.0",
			"dev": true,
			"license": "Unlicense"
		},
		"node_modules/@types/node": {
			"resolved": "dev/lib/@types/node",
			"link": true
		},
		"node_modules/@types/vscode": {
			"version": "1.76.0",
			"resolved": "https://registry.npmjs.org/@types/vscode/-/vscode-1.76.0.tgz",
			"integrity": "sha512-CQcY3+Fe5hNewHnOEAVYj4dd1do/QHliXaknAEYSXx2KEHUzFibDZSKptCon+HPgK55xx20pR+PBJjf0MomnBA==",
			"dev": true
		},
		"node_modules/typescript": {
			"version": "5.0.3",
			"resolved": "https://registry.npmjs.org/typescript/-/typescript-5.0.3.tgz",
			"integrity": "sha512-xv8mOEDnigb/tN9PSMTwSEqAnUvkoXMQlicOb0IUVDBSQCgBSaAAROUZYy2IcUy5qU6XajK5jjjO7TMWqBTKZA==",
			"dev": true,
			"bin": {
				"tsc": "bin/tsc",
				"tsserver": "bin/tsserver"
			},
			"engines": {
				"node": ">=12.20"
			}
		}
	},
	"dependencies": {
		"@types/node": {
			"version": "file:dev/lib/@types/node"
		},
		"@types/vscode": {
			"version": "1.76.0",
			"resolved": "https://registry.npmjs.org/@types/vscode/-/vscode-1.76.0.tgz",
			"integrity": "sha512-CQcY3+Fe5hNewHnOEAVYj4dd1do/QHliXaknAEYSXx2KEHUzFibDZSKptCon+HPgK55xx20pR+PBJjf0MomnBA==",
			"dev": true
		},
		"typescript": {
			"version": "5.0.3",
			"resolved": "https://registry.npmjs.org/typescript/-/typescript-5.0.3.tgz",
			"integrity": "sha512-xv8mOEDnigb/tN9PSMTwSEqAnUvkoXMQlicOb0IUVDBSQCgBSaAAROUZYy2IcUy5qU6XajK5jjjO7TMWqBTKZA==",
			"dev": true
		}
	}
}
