{
  "name": "godot-files",
  "version": "0.0.1",
  "lockfileVersion": 2,
  "requires": true,
  "packages": {
    "": {
      "name": "godot-files",
      "version": "0.0.1",
      "license": "0BSD",
      "devDependencies": {
        "@types/node": "^17.0.23",
        "@types/vscode": "^1.64.0"
      },
      "engines": {
        "vscode": "^1.64.0"
      }
    },
    "node_modules/@types/node": {
      "version": "17.0.23",
      "resolved": "https://registry.npmjs.org/@types/node/-/node-17.0.23.tgz",
      "integrity": "sha512-UxDxWn7dl97rKVeVS61vErvw086aCYhDLyvRQZ5Rk65rZKepaFdm53GeqXaKBuOhED4e9uWq34IC3TdSdJJ2Gw==",
      "dev": true
    },
    "node_modules/@types/vscode": {
      "version": "1.65.0",
      "resolved": "https://registry.npmjs.org/@types/vscode/-/vscode-1.65.0.tgz",
      "integrity": "sha512-wQhExnh2nEzpjDMSKhUvnNmz3ucpd3E+R7wJkOhBNK3No6fG3VUdmVmMOKD0A8NDZDDDiQcLNxe3oGmX5SjJ5w==",
      "dev": true
    }
  },
  "dependencies": {
    "@types/node": {
      "version": "17.0.23",
      "resolved": "https://registry.npmjs.org/@types/node/-/node-17.0.23.tgz",
      "integrity": "sha512-UxDxWn7dl97rKVeVS61vErvw086aCYhDLyvRQZ5Rk65rZKepaFdm53GeqXaKBuOhED4e9uWq34IC3TdSdJJ2Gw==",
      "dev": true
    },
    "@types/vscode": {
      "version": "1.65.0",
      "resolved": "https://registry.npmjs.org/@types/vscode/-/vscode-1.65.0.tgz",
      "integrity": "sha512-wQhExnh2nEzpjDMSKhUvnNmz3ucpd3E+R7wJkOhBNK3No6fG3VUdmVmMOKD0A8NDZDDDiQcLNxe3oGmX5SjJ5w==",
      "dev": true
    }
  }
}
